// !$*UTF8*$!
{
	archiveVersion = 1;
	classes = {
	};
	objectVersion = 46;
	objects = {

/* Begin PBXBuildFile section */
		6AB072A3159AEDAA00A2D137 /* UIKit.framework in Frameworks */ = {isa = PBXBuildFile; fileRef = 6AB072A2159AEDAA00A2D137 /* UIKit.framework */; };
		6AB072A5159AEDAA00A2D137 /* Foundation.framework in Frameworks */ = {isa = PBXBuildFile; fileRef = 6AB072A4159AEDAA00A2D137 /* Foundation.framework */; };
		6AB072A7159AEDAA00A2D137 /* CoreGraphics.framework in Frameworks */ = {isa = PBXBuildFile; fileRef = 6AB072A6159AEDAA00A2D137 /* CoreGraphics.framework */; };
		6AB072AD159AEDAA00A2D137 /* InfoPlist.strings in Resources */ = {isa = PBXBuildFile; fileRef = 6AB072AB159AEDAA00A2D137 /* InfoPlist.strings */; };
		6AB072AF159AEDAA00A2D137 /* main.m in Sources */ = {isa = PBXBuildFile; fileRef = 6AB072AE159AEDAA00A2D137 /* main.m */; };
		6AB072B3159AEDAA00A2D137 /* COAppDelegate.m in Sources */ = {isa = PBXBuildFile; fileRef = 6AB072B2159AEDAA00A2D137 /* COAppDelegate.m */; };
		6AB072BB159AEDAA00A2D137 /* SenTestingKit.framework in Frameworks */ = {isa = PBXBuildFile; fileRef = 6AB072BA159AEDAA00A2D137 /* SenTestingKit.framework */; };
		6AB072BC159AEDAA00A2D137 /* UIKit.framework in Frameworks */ = {isa = PBXBuildFile; fileRef = 6AB072A2159AEDAA00A2D137 /* UIKit.framework */; };
		6AB072BD159AEDAA00A2D137 /* Foundation.framework in Frameworks */ = {isa = PBXBuildFile; fileRef = 6AB072A4159AEDAA00A2D137 /* Foundation.framework */; };
		6AB072C5159AEDAA00A2D137 /* InfoPlist.strings in Resources */ = {isa = PBXBuildFile; fileRef = 6AB072C3159AEDAA00A2D137 /* InfoPlist.strings */; };
		6AB072C8159AEDAA00A2D137 /* ScoreKeeperTests.m in Sources */ = {isa = PBXBuildFile; fileRef = 6AB072C7159AEDAA00A2D137 /* ScoreKeeperTests.m */; };
/* End PBXBuildFile section */

/* Begin PBXContainerItemProxy section */
		6AB072BE159AEDAA00A2D137 /* PBXContainerItemProxy */ = {
			isa = PBXContainerItemProxy;
			containerPortal = 6AB07295159AEDA900A2D137 /* Project object */;
			proxyType = 1;
			remoteGlobalIDString = 6AB0729D159AEDA900A2D137;
			remoteInfo = ScoreKeeper;
		};
/* End PBXContainerItemProxy section */

/* Begin PBXFileReference section */
		6AB0729E159AEDAA00A2D137 /* ScoreKeeper.app */ = {isa = PBXFileReference; explicitFileType = wrapper.application; includeInIndex = 0; path = ScoreKeeper.app; sourceTree = BUILT_PRODUCTS_DIR; };
		6AB072A2159AEDAA00A2D137 /* UIKit.framework */ = {isa = PBXFileReference; lastKnownFileType = wrapper.framework; name = UIKit.framework; path = System/Library/Frameworks/UIKit.framework; sourceTree = SDKROOT; };
		6AB072A4159AEDAA00A2D137 /* Foundation.framework */ = {isa = PBXFileReference; lastKnownFileType = wrapper.framework; name = Foundation.framework; path = System/Library/Frameworks/Foundation.framework; sourceTree = SDKROOT; };
		6AB072A6159AEDAA00A2D137 /* CoreGraphics.framework */ = {isa = PBXFileReference; lastKnownFileType = wrapper.framework; name = CoreGraphics.framework; path = System/Library/Frameworks/CoreGraphics.framework; sourceTree = SDKROOT; };
		6AB072AA159AEDAA00A2D137 /* ScoreKeeper-Info.plist */ = {isa = PBXFileReference; path = "ScoreKeeper-Info.plist"; sourceTree = "<group>"; };
		6AB072AC159AEDAA00A2D137 /* en */ = {isa = PBXFileReference; lastKnownFileType = text.plist.strings; name = en; path = en.lproj/InfoPlist.strings; sourceTree = "<group>"; };
		6AB072AE159AEDAA00A2D137 /* main.m */ = {isa = PBXFileReference; lastKnownFileType = sourcecode.c.objc; path = main.m; sourceTree = "<group>"; };
		6AB072B0159AEDAA00A2D137 /* ScoreKeeper-Prefix.pch */ = {isa = PBXFileReference; path = "ScoreKeeper-Prefix.pch"; sourceTree = "<group>"; };
		6AB072B1159AEDAA00A2D137 /* COAppDelegate.h */ = {isa = PBXFileReference; path = COAppDelegate.h; sourceTree = "<group>"; };
		6AB072B2159AEDAA00A2D137 /* COAppDelegate.m */ = {isa = PBXFileReference; lastKnownFileType = sourcecode.c.objc; path = COAppDelegate.m; sourceTree = "<group>"; };
		6AB072B9159AEDAA00A2D137 /* ScoreKeeperTests.octest */ = {isa = PBXFileReference; explicitFileType = wrapper.cfbundle; includeInIndex = 0; path = ScoreKeeperTests.octest; sourceTree = BUILT_PRODUCTS_DIR; };
		6AB072BA159AEDAA00A2D137 /* SenTestingKit.framework */ = {isa = PBXFileReference; lastKnownFileType = wrapper.framework; name = SenTestingKit.framework; path = Library/Frameworks/SenTestingKit.framework; sourceTree = DEVELOPER_DIR; };
		6AB072C2159AEDAA00A2D137 /* ScoreKeeperTests-Info.plist */ = {isa = PBXFileReference; path = "ScoreKeeperTests-Info.plist"; sourceTree = "<group>"; };
		6AB072C4159AEDAA00A2D137 /* en */ = {isa = PBXFileReference; lastKnownFileType = text.plist.strings; name = en; path = en.lproj/InfoPlist.strings; sourceTree = "<group>"; };
		6AB072C6159AEDAA00A2D137 /* ScoreKeeperTests.h */ = {isa = PBXFileReference; path = ScoreKeeperTests.h; sourceTree = "<group>"; };
		6AB072C7159AEDAA00A2D137 /* ScoreKeeperTests.m */ = {isa = PBXFileReference; lastKnownFileType = sourcecode.c.objc; path = ScoreKeeperTests.m; sourceTree = "<group>"; };
/* End PBXFileReference section */

/* Begin PBXFrameworksBuildPhase section */
		6AB0729B159AEDA900A2D137 /* Frameworks */ = {
			isa = PBXFrameworksBuildPhase;
			buildActionMask = 2147483647;
			files = (
				6AB072A3159AEDAA00A2D137 /* UIKit.framework in Frameworks */,
				6AB072A5159AEDAA00A2D137 /* Foundation.framework in Frameworks */,
				6AB072A7159AEDAA00A2D137 /* CoreGraphics.framework in Frameworks */,
			);
			runOnlyForDeploymentPostprocessing = 0;
		};
		6AB072B5159AEDAA00A2D137 /* Frameworks */ = {
			isa = PBXFrameworksBuildPhase;
			buildActionMask = 2147483647;
			files = (
				6AB072BB159AEDAA00A2D137 /* SenTestingKit.framework in Frameworks */,
				6AB072BC159AEDAA00A2D137 /* UIKit.framework in Frameworks */,
				6AB072BD159AEDAA00A2D137 /* Foundation.framework in Frameworks */,
			);
			runOnlyForDeploymentPostprocessing = 0;
		};
/* End PBXFrameworksBuildPhase section */

/* Begin PBXGroup section */
		6AB07293159AEDA900A2D137 = {
			isa = PBXGroup;
			children = (
				6AB072A8159AEDAA00A2D137 /* ScoreKeeper */,
				6AB072C0159AEDAA00A2D137 /* ScoreKeeperTests */,
				6AB072A1159AEDAA00A2D137 /* Frameworks */,
				6AB0729F159AEDAA00A2D137 /* Products */,
			);
			sourceTree = "<group>";
		};
		6AB0729F159AEDAA00A2D137 /* Products */ = {
			isa = PBXGroup;
			children = (
				6AB0729E159AEDAA00A2D137 /* ScoreKeeper.app */,
				6AB072B9159AEDAA00A2D137 /* ScoreKeeperTests.octest */,
			);
			name = Products;
			sourceTree = "<group>";
		};
		6AB072A1159AEDAA00A2D137 /* Frameworks */ = {
			isa = PBXGroup;
			children = (
				6AB072A2159AEDAA00A2D137 /* UIKit.framework */,
				6AB072A4159AEDAA00A2D137 /* Foundation.framework */,
				6AB072A6159AEDAA00A2D137 /* CoreGraphics.framework */,
				6AB072BA159AEDAA00A2D137 /* SenTestingKit.framework */,
			);
			name = Frameworks;
			sourceTree = "<group>";
		};
		6AB072A8159AEDAA00A2D137 /* ScoreKeeper */ = {
			isa = PBXGroup;
			children = (
				6AB072B1159AEDAA00A2D137 /* COAppDelegate.h */,
				6AB072B2159AEDAA00A2D137 /* COAppDelegate.m */,
				6AB072A9159AEDAA00A2D137 /* Supporting Files */,
			);
			path = ScoreKeeper;
			sourceTree = "<group>";
		};
		6AB072A9159AEDAA00A2D137 /* Supporting Files */ = {
			isa = PBXGroup;
			children = (
				6AB072AA159AEDAA00A2D137 /* ScoreKeeper-Info.plist */,
				6AB072AB159AEDAA00A2D137 /* InfoPlist.strings */,
				6AB072AE159AEDAA00A2D137 /* main.m */,
				6AB072B0159AEDAA00A2D137 /* ScoreKeeper-Prefix.pch */,
			);
			name = "Supporting Files";
			sourceTree = "<group>";
		};
		6AB072C0159AEDAA00A2D137 /* ScoreKeeperTests */ = {
			isa = PBXGroup;
			children = (
				6AB072C6159AEDAA00A2D137 /* ScoreKeeperTests.h */,
				6AB072C7159AEDAA00A2D137 /* ScoreKeeperTests.m */,
				6AB072C1159AEDAA00A2D137 /* Supporting Files */,
			);
			path = ScoreKeeperTests;
			sourceTree = "<group>";
		};
		6AB072C1159AEDAA00A2D137 /* Supporting Files */ = {
			isa = PBXGroup;
			children = (
				6AB072C2159AEDAA00A2D137 /* ScoreKeeperTests-Info.plist */,
				6AB072C3159AEDAA00A2D137 /* InfoPlist.strings */,
			);
			name = "Supporting Files";
			sourceTree = "<group>";
		};
/* End PBXGroup section */

/* Begin PBXNativeTarget section */
		6AB0729D159AEDA900A2D137 /* ScoreKeeper */ = {
			isa = PBXNativeTarget;
			buildConfigurationList = 6AB072CB159AEDAA00A2D137 /* Build configuration list for PBXNativeTarget "ScoreKeeper" */;
			buildPhases = (
				6AB0729A159AEDA900A2D137 /* Sources */,
				6AB0729B159AEDA900A2D137 /* Frameworks */,
				6AB0729C159AEDA900A2D137 /* Resources */,
			);
			buildRules = (
			);
			dependencies = (
			);
			name = ScoreKeeper;
			productName = ScoreKeeper;
			productReference = 6AB0729E159AEDAA00A2D137 /* ScoreKeeper.app */;
			productType = "com.apple.product-type.application";
		};
		6AB072B8159AEDAA00A2D137 /* ScoreKeeperTests */ = {
			isa = PBXNativeTarget;
			buildConfigurationList = 6AB072CE159AEDAA00A2D137 /* Build configuration list for PBXNativeTarget "ScoreKeeperTests" */;
			buildPhases = (
				6AB072B4159AEDAA00A2D137 /* Sources */,
				6AB072B5159AEDAA00A2D137 /* Frameworks */,
				6AB072B6159AEDAA00A2D137 /* Resources */,
				6AB072B7159AEDAA00A2D137 /* ShellScript */,
			);
			buildRules = (
			);
			dependencies = (
				6AB072BF159AEDAA00A2D137 /* PBXTargetDependency */,
			);
			name = ScoreKeeperTests;
			productName = ScoreKeeperTests;
			productReference = 6AB072B9159AEDAA00A2D137 /* ScoreKeeperTests.octest */;
			productType = "com.apple.product-type.bundle";
		};
/* End PBXNativeTarget section */

/* Begin PBXProject section */
		6AB07295159AEDA900A2D137 /* Project object */ = {
			isa = PBXProject;
			attributes = {
				CLASSPREFIX = CO;
				LastUpgradeCheck = 0430;
				ORGANIZATIONNAME = "Nominum, Inc.";
			};
			buildConfigurationList = 6AB07298159AEDA900A2D137 /* Build configuration list for PBXProject "ScoreKeeper" */;
			compatibilityVersion = "Xcode 3.2";
			developmentRegion = English;
			hasScannedForEncodings = 0;
			knownRegions = (
				en,
			);
			mainGroup = 6AB07293159AEDA900A2D137;
			productRefGroup = 6AB0729F159AEDAA00A2D137 /* Products */;
			projectDirPath = "";
			projectRoot = "";
			targets = (
				6AB0729D159AEDA900A2D137 /* ScoreKeeper */,
				6AB072B8159AEDAA00A2D137 /* ScoreKeeperTests */,
			);
		};
/* End PBXProject section */

/* Begin PBXResourcesBuildPhase section */
		6AB0729C159AEDA900A2D137 /* Resources */ = {
			isa = PBXResourcesBuildPhase;
			buildActionMask = 2147483647;
			files = (
				6AB072AD159AEDAA00A2D137 /* InfoPlist.strings in Resources */,
			);
			runOnlyForDeploymentPostprocessing = 0;
		};
		6AB072B6159AEDAA00A2D137 /* Resources */ = {
			isa = PBXResourcesBuildPhase;
			buildActionMask = 2147483647;
			files = (
				6AB072C5159AEDAA00A2D137 /* InfoPlist.strings in Resources */,
			);
			runOnlyForDeploymentPostprocessing = 0;
		};
/* End PBXResourcesBuildPhase section */

/* Begin PBXShellScriptBuildPhase section */
		6AB072B7159AEDAA00A2D137 /* ShellScript */ = {
			isa = PBXShellScriptBuildPhase;
			buildActionMask = 2147483647;
			files = (
			);
			inputPaths = (
			);
			outputPaths = (
			);
			runOnlyForDeploymentPostprocessing = 0;
			shellPath = /bin/sh;
			shellScript = "# Run the unit tests in this test bundle.\n\"${SYSTEM_DEVELOPER_DIR}/Tools/RunUnitTests\"\n";
		};
/* End PBXShellScriptBuildPhase section */

/* Begin PBXSourcesBuildPhase section */
		6AB0729A159AEDA900A2D137 /* Sources */ = {
			isa = PBXSourcesBuildPhase;
			buildActionMask = 2147483647;
			files = (
				6AB072AF159AEDAA00A2D137 /* main.m in Sources */,
				6AB072B3159AEDAA00A2D137 /* COAppDelegate.m in Sources */,
			);
			runOnlyForDeploymentPostprocessing = 0;
		};
		6AB072B4159AEDAA00A2D137 /* Sources */ = {
			isa = PBXSourcesBuildPhase;
			buildActionMask = 2147483647;
			files = (
				6AB072C8159AEDAA00A2D137 /* ScoreKeeperTests.m in Sources */,
			);
			runOnlyForDeploymentPostprocessing = 0;
		};
/* End PBXSourcesBuildPhase section */

/* Begin PBXTargetDependency section */
		6AB072BF159AEDAA00A2D137 /* PBXTargetDependency */ = {
			isa = PBXTargetDependency;
			target = 6AB0729D159AEDA900A2D137 /* ScoreKeeper */;
			targetProxy = 6AB072BE159AEDAA00A2D137 /* PBXContainerItemProxy */;
		};
/* End PBXTargetDependency section */

/* Begin PBXVariantGroup section */
		6AB072AB159AEDAA00A2D137 /* InfoPlist.strings */ = {
			isa = PBXVariantGroup;
			children = (
				6AB072AC159AEDAA00A2D137 /* en */,
			);
			name = InfoPlist.strings;
			sourceTree = "<group>";
		};
		6AB072C3159AEDAA00A2D137 /* InfoPlist.strings */ = {
			isa = PBXVariantGroup;
			children = (
				6AB072C4159AEDAA00A2D137 /* en */,
			);
			name = InfoPlist.strings;
			sourceTree = "<group>";
		};
/* End PBXVariantGroup section */

/* Begin XCBuildConfiguration section */
		6AB072C9159AEDAA00A2D137 /* Debug */ = {
			isa = XCBuildConfiguration;
			buildSettings = {
				ALWAYS_SEARCH_USER_PATHS = NO;
				ARCHS = "$(ARCHS_STANDARD_32_BIT)";
				CLANG_ENABLE_OBJC_ARC = YES;
				"CODE_SIGN_IDENTITY[sdk=iphoneos*]" = "iPhone Developer";
				COPY_PHASE_STRIP = NO;
				GCC_C_LANGUAGE_STANDARD = gnu99;
				GCC_DYNAMIC_NO_PIC = NO;
				GCC_OPTIMIZATION_LEVEL = 0;
				GCC_PREPROCESSOR_DEFINITIONS = (
					"DEBUG=1",
					"$(inherited)",
				);
				GCC_SYMBOLS_PRIVATE_EXTERN = NO;
				GCC_VERSION = com.apple.compilers.llvm.clang.1_0;
				GCC_WARN_ABOUT_RETURN_TYPE = YES;
				GCC_WARN_UNINITIALIZED_AUTOS = YES;
				GCC_WARN_UNUSED_VARIABLE = YES;
				IPHONEOS_DEPLOYMENT_TARGET = 5.1;
				SDKROOT = iphoneos;
			};
			name = Debug;
		};
		6AB072CA159AEDAA00A2D137 /* Release */ = {
			isa = XCBuildConfiguration;
			buildSettings = {
				ALWAYS_SEARCH_USER_PATHS = NO;
				ARCHS = "$(ARCHS_STANDARD_32_BIT)";
				CLANG_ENABLE_OBJC_ARC = YES;
				"CODE_SIGN_IDENTITY[sdk=iphoneos*]" = "iPhone Developer";
				COPY_PHASE_STRIP = YES;
				GCC_C_LANGUAGE_STANDARD = gnu99;
				GCC_VERSION = com.apple.compilers.llvm.clang.1_0;
				GCC_WARN_ABOUT_RETURN_TYPE = YES;
				GCC_WARN_UNINITIALIZED_AUTOS = YES;
				GCC_WARN_UNUSED_VARIABLE = YES;
				IPHONEOS_DEPLOYMENT_TARGET = 5.1;
				OTHER_CFLAGS = "-DNS_BLOCK_ASSERTIONS=1";
				SDKROOT = iphoneos;
				VALIDATE_PRODUCT = YES;
			};
			name = Release;
		};
		6AB072CC159AEDAA00A2D137 /* Debug */ = {
			isa = XCBuildConfiguration;
			buildSettings = {
				GCC_PRECOMPILE_PREFIX_HEADER = YES;
				GCC_PREFIX_HEADER = "ScoreKeeper/ScoreKeeper-Prefix.pch";
				INFOPLIST_FILE = "ScoreKeeper/ScoreKeeper-Info.plist";
				PRODUCT_NAME = "$(TARGET_NAME)";
				WRAPPER_EXTENSION = app;
			};
			name = Debug;
		};
		6AB072CD159AEDAA00A2D137 /* Release */ = {
			isa = XCBuildConfiguration;
			buildSettings = {
				GCC_PRECOMPILE_PREFIX_HEADER = YES;
				GCC_PREFIX_HEADER = "ScoreKeeper/ScoreKeeper-Prefix.pch";
				INFOPLIST_FILE = "ScoreKeeper/ScoreKeeper-Info.plist";
				PRODUCT_NAME = "$(TARGET_NAME)";
				WRAPPER_EXTENSION = app;
			};
			name = Release;
		};
		6AB072CF159AEDAA00A2D137 /* Debug */ = {
			isa = XCBuildConfiguration;
			buildSettings = {
				BUNDLE_LOADER = "$(BUILT_PRODUCTS_DIR)/ScoreKeeper.app/ScoreKeeper";
				FRAMEWORK_SEARCH_PATHS = (
					"$(SDKROOT)/Developer/Library/Frameworks",
					"$(DEVELOPER_LIBRARY_DIR)/Frameworks",
				);
				GCC_PRECOMPILE_PREFIX_HEADER = YES;
				GCC_PREFIX_HEADER = "ScoreKeeper/ScoreKeeper-Prefix.pch";
				INFOPLIST_FILE = "ScoreKeeperTests/ScoreKeeperTests-Info.plist";
				PRODUCT_NAME = "$(TARGET_NAME)";
				TEST_HOST = "$(BUNDLE_LOADER)";
				WRAPPER_EXTENSION = octest;
			};
			name = Debug;
		};
		6AB072D0159AEDAA00A2D137 /* Release */ = {
			isa = XCBuildConfiguration;
			buildSettings = {
				BUNDLE_LOADER = "$(BUILT_PRODUCTS_DIR)/ScoreKeeper.app/ScoreKeeper";
				FRAMEWORK_SEARCH_PATHS = (
					"$(SDKROOT)/Developer/Library/Frameworks",
					"$(DEVELOPER_LIBRARY_DIR)/Frameworks",
				);
				GCC_PRECOMPILE_PREFIX_HEADER = YES;
				GCC_PREFIX_HEADER = "ScoreKeeper/ScoreKeeper-Prefix.pch";
				INFOPLIST_FILE = "ScoreKeeperTests/ScoreKeeperTests-Info.plist";
				PRODUCT_NAME = "$(TARGET_NAME)";
				TEST_HOST = "$(BUNDLE_LOADER)";
				WRAPPER_EXTENSION = octest;
			};
			name = Release;
		};
/* End XCBuildConfiguration section */

/* Begin XCConfigurationList section */
		6AB07298159AEDA900A2D137 /* Build configuration list for PBXProject "ScoreKeeper" */ = {
			isa = XCConfigurationList;
			buildConfigurations = (
				6AB072C9159AEDAA00A2D137 /* Debug */,
				6AB072CA159AEDAA00A2D137 /* Release */,
			);
			defaultConfigurationIsVisible = 0;
			defaultConfigurationName = Release;
		};
		6AB072CB159AEDAA00A2D137 /* Build configuration list for PBXNativeTarget "ScoreKeeper" */ = {
			isa = XCConfigurationList;
			buildConfigurations = (
				6AB072CC159AEDAA00A2D137 /* Debug */,
				6AB072CD159AEDAA00A2D137 /* Release */,
			);
			defaultConfigurationIsVisible = 0;
		};
		6AB072CE159AEDAA00A2D137 /* Build configuration list for PBXNativeTarget "ScoreKeeperTests" */ = {
			isa = XCConfigurationList;
			buildConfigurations = (
				6AB072CF159AEDAA00A2D137 /* Debug */,
				6AB072D0159AEDAA00A2D137 /* Release */,
			);
			defaultConfigurationIsVisible = 0;
		};
/* End XCConfigurationList section */
	};
	rootObject = 6AB07295159AEDA900A2D137 /* Project object */;
}
